#MicroXplorer Configuration settings - do not modify
Mcu.Family=STM32F0
PC3.Mode=Asynchronous
ProjectManager.MainLocation=Core/Src
PA2.GPIO_PuPd=GPIO_NOPULL
RCC.MCOFreq_Value=48000000
PA6.Mode=Full_Duplex_Master
RCC.USART1Freq_Value=48000000
USART2.IPParameters=VirtualMode,VirtualMode-Asynchronous
ProjectManager.KeepUserCode=true
Mcu.UserName=STM32F091RCTx
SPI1.VirtualType=VM_MASTER
PC15OSC32_OUT.Locked=true
PC15OSC32_OUT.Signal=RCC_OSC32_OUT
RCC.PLLCLKFreq_Value=48000000
PC12.Signal=USART5_TX
PA14.GPIO_Label=TCK
PA3.GPIO_PuPd=GPIO_NOPULL
ProjectManager.functionlistsort=1-MX_GPIO_Init-GPIO-false-HAL-true,2-SystemClock_Config-RCC-false-HAL-false,3-MX_USART2_UART_Init-USART2-false-HAL-true,4-MX_CAN_Init-CAN-false-HAL-true,5-MX_I2C1_Init-I2C1-false-HAL-true,6-MX_SPI1_Init-SPI1-false-HAL-true,7-MX_USART5_UART_Init-USART5-false-HAL-true,8-MX_USART6_UART_Init-USART6-false-HAL-true,9-MX_USART7_UART_Init-USART7-false-HAL-true,10-MX_USART8_UART_Init-USART8-false-HAL-true
PA2.GPIO_Speed=GPIO_SPEED_FREQ_LOW
PA11.Mode=CAN_Activate
PA3.GPIOParameters=GPIO_Speed,GPIO_PuPd,GPIO_Label,GPIO_Mode
RCC.USART2Freq_Value=48000000
NVIC.SVC_IRQn=true\:0\:0\:false\:false\:true\:false\:false
PC13.GPIO_Label=B1 [Blue PushButton]
PC15OSC32_OUT.Mode=LSE-External-Oscillator
PA3.GPIO_Speed=GPIO_SPEED_FREQ_LOW
PA2.GPIOParameters=GPIO_Speed,GPIO_PuPd,GPIO_Label,GPIO_Mode
PinOutPanel.RotationAngle=0
RCC.SYSCLKSource=RCC_SYSCLKSOURCE_PLLCLK
ProjectManager.StackSize=0x400
SH.GPXTI13.0=GPIO_EXTI13
Mcu.IP4=SPI1
RCC.FCLKCortexFreq_Value=48000000
Mcu.IP5=SYS
Mcu.IP2=NVIC
Mcu.IP3=RCC
Mcu.IP0=CAN
Mcu.IP1=I2C1
PA12.Signal=CAN_TX
Mcu.UserConstants=
SH.GPXTI13.ConfNb=1
Mcu.ThirdPartyNb=0
SPI1.Direction=SPI_DIRECTION_2LINES
RCC.HCLKFreq_Value=48000000
Mcu.IPNb=11
ProjectManager.PreviousToolchain=
PC7.Signal=USART7_RX
SPI1.CalculateBaudRate=750.0 KBits/s
PC3.Signal=USART8_RX
Mcu.Pin6=PC1
Mcu.Pin7=PC2
Mcu.Pin8=PC3
Mcu.Pin9=PA2
RCC.AHBFreq_Value=48000000
USART5.VirtualMode-Asynchronous=VM_ASYNC
Mcu.Pin0=PC13
Mcu.Pin1=PC14OSC32_IN
Mcu.Pin2=PC15OSC32_OUT
RCC.PREFETCH_ENABLE-AdvancedSettings=1
Mcu.Pin3=PF0-OSC_IN
RCC.USART3Freq_Value=48000000
Mcu.Pin4=PF1-OSC_OUT
Mcu.Pin5=PC0
ProjectManager.ProjectBuild=false
PB3.Mode=Full_Duplex_Master
USART2.VirtualMode-Asynchronous=VM_ASYNC
Mcu.IP10=USART8
NVIC.SysTick_IRQn=true\:0\:0\:true\:false\:true\:true\:true
RCC.PLLMUL=RCC_PLL_MUL12
ProjectManager.FirmwarePackage=STM32Cube FW_F0 V1.11.2
MxDb.Version=DB.6.0.20
ProjectManager.BackupPrevious=false
PF0-OSC_IN.Locked=true
PA14.Mode=Serial_Wire
PA5.GPIO_PuPd=GPIO_NOPULL
File.Version=6
USART8.IPParameters=VirtualMode
NVIC.PendSV_IRQn=true\:0\:0\:false\:false\:true\:false\:false
CAN.CalculateTimeQuantum=333.3333333333333
ProjectManager.HalAssertFull=false
ProjectManager.ProjectName=buggy
RCC.FLatency-AdvancedSettings=FLASH_LATENCY_1
PA13.GPIOParameters=GPIO_Label
RCC.PLLMCOFreq_Value=48000000
PC14OSC32_IN.Mode=LSE-External-Oscillator
Mcu.Package=LQFP64
PA6.Signal=SPI1_MISO
PA5.Locked=true
USART6.VirtualMode=VM_ASYNC
USART2.VirtualMode=VM_ASYNC
PA14.Locked=true
USART8.VirtualMode=VM_ASYNC
ProjectManager.ToolChainLocation=
PA2.GPIO_Label=USART_TX
VP_SYS_VS_Systick.Signal=SYS_VS_Systick
PA10.Signal=I2C1_SDA
PA5.GPIOParameters=GPIO_Speed,GPIO_PuPd,GPIO_Label,GPIO_Mode
USART7.IPParameters=VirtualMode
RCC.CECFreq_Value=32786.88524590164
RCC.APB1TimFreq_Value=48000000
SPI1.BaudRatePrescaler=SPI_BAUDRATEPRESCALER_64
ProjectManager.CustomerFirmwarePackage=
PF1-OSC_OUT.Signal=RCC_OSC_OUT
PC14OSC32_IN.Signal=RCC_OSC32_IN
PA3.Signal=USART2_RX
PA2.GPIO_Mode=GPIO_MODE_AF_PP
PA2.Locked=true
RCC.I2SFreq_Value=48000000
ProjectManager.ProjectFileName=buggy.ioc
PA7.Mode=Full_Duplex_Master
Mcu.PinsNb=26
PA10.Mode=I2C
ProjectManager.NoMain=false
SPI1.IPParameters=VirtualType,Mode,Direction,CalculateBaudRate,BaudRatePrescaler
USART6.IPParameters=VirtualMode
PC13.Locked=true
CAN.CalculateBaudRate=1000000
PC13.Signal=GPXTI13
PC2.Signal=USART8_TX
PC6.Signal=USART7_TX
ProjectManager.DefaultFWLocation=true
PC2.Mode=Asynchronous
ProjectManager.DeletePrevious=true
PF1-OSC_OUT.Locked=true
PC0.Signal=USART6_TX
boardIOC=true
CAN.CalculateTimeBit=999.99
RCC.FamilyName=M
PC14OSC32_IN.Locked=true
PC0.Mode=Asynchronous
PA13.Signal=SYS_SWDIO
PA3.Mode=Asynchronous
PA9.Mode=I2C
ProjectManager.TargetToolchain=STM32CubeIDE
PA3.GPIO_Mode=GPIO_MODE_AF_PP
PC6.Mode=Asynchronous
PA9.Signal=I2C1_SCL
RCC.PLLDivider=RCC_PREDIV_DIV2
ProjectManager.RegisterCallBack=
PF0-OSC_IN.Mode=HSE-External-Clock-Source
PD2.Mode=Asynchronous
PA5.Signal=GPIO_Output
PC12.Mode=Asynchronous
board=NUCLEO-F091RC
ProjectManager.LastFirmware=true
MxCube.Version=6.2.0
SPI1.Mode=SPI_MODE_MASTER
PC13.GPIOParameters=GPIO_Label,GPIO_ModeDefaultEXTI
VP_SYS_VS_Systick.Mode=SysTick
NVIC.NonMaskableInt_IRQn=true\:0\:0\:false\:false\:true\:false\:false
CAN.IPParameters=CalculateTimeQuantum,CalculateTimeBit,CalculateBaudRate
PA13.Mode=Serial_Wire
ProjectManager.FreePins=false
RCC.IPParameters=AHBFreq_Value,APB1Freq_Value,APB1TimFreq_Value,CECFreq_Value,FCLKCortexFreq_Value,FLatency-AdvancedSettings,FamilyName,HCLKFreq_Value,HSICECFreq_Value,I2SFreq_Value,MCOFreq_Value,PLLCLKFreq_Value,PLLDivider,PLLMCOFreq_Value,PLLMUL,PREFETCH_ENABLE-AdvancedSettings,SYSCLKFreq_VALUE,SYSCLKSource,TimSysFreq_Value,USART1Freq_Value,USART2Freq_Value,USART3Freq_Value
ProjectManager.AskForMigrate=true
Mcu.Name=STM32F091R(B-C)Tx
Mcu.Pin24=PB3
PA13.GPIO_Label=TMS
PA2.Signal=USART2_TX
ProjectManager.UnderRoot=true
Mcu.Pin25=VP_SYS_VS_Systick
Mcu.IP8=USART6
RCC.HSICECFreq_Value=32786.88524590164
Mcu.IP9=USART7
Mcu.IP6=USART2
Mcu.IP7=USART5
ProjectManager.CoupleFile=false
PB3.Signal=SPI1_SCK
RCC.SYSCLKFreq_VALUE=48000000
Mcu.Pin22=PC12
Mcu.Pin23=PD2
RCC.TimSysFreq_Value=48000000
Mcu.Pin20=PA13
PA3.Locked=true
Mcu.Pin21=PA14
PA12.Mode=CAN_Activate
PA5.GPIO_Label=LD2 [Green Led]
NVIC.ForceEnableDMAVector=true
KeepUserPlacement=false
PC13.GPIO_ModeDefaultEXTI=GPIO_MODE_IT_FALLING
USART7.VirtualMode=VM_ASYNC
PA14.GPIOParameters=GPIO_Label
PA13.Locked=true
ProjectManager.CompilerOptimize=6
PA11.Signal=CAN_RX
PA14.Signal=SYS_SWCLK
ProjectManager.HeapSize=0x200
Mcu.Pin15=PC7
NVIC.HardFault_IRQn=true\:0\:0\:false\:false\:true\:false\:false
Mcu.Pin16=PA9
Mcu.Pin13=PA7
Mcu.Pin14=PC6
Mcu.Pin19=PA12
ProjectManager.ComputerToolchain=false
Mcu.Pin17=PA10
Mcu.Pin18=PA11
USART5.IPParameters=VirtualMode-Asynchronous
PA5.GPIO_Speed=GPIO_SPEED_FREQ_LOW
Mcu.Pin11=PA5
Mcu.Pin12=PA6
Mcu.Pin10=PA3
PA2.Mode=Asynchronous
PF0-OSC_IN.Signal=RCC_OSC_IN
PC7.Mode=Asynchronous
PD2.Signal=USART5_RX
RCC.APB1Freq_Value=48000000
PA5.GPIO_Mode=GPIO_MODE_OUTPUT_PP
ProjectManager.DeviceId=STM32F091RCTx
PC1.Signal=USART6_RX
ProjectManager.LibraryCopy=1
PC1.Mode=Asynchronous
PA3.GPIO_Label=USART_RX
PA7.Signal=SPI1_MOSI
isbadioc=false
